{
  "name": "portfolio",
  "version": "1.0.0",
  "lockfileVersion": 1,
  "requires": true,
  "dependencies": {
    "@johh/three-effectcomposer": {
      "version": "0.0.7",
      "resolved": "https://registry.npmjs.org/@johh/three-effectcomposer/-/three-effectcomposer-0.0.7.tgz",
      "integrity": "sha512-1eiEsxSBXfNoUyoprA8NtlP4ffE//EhKXtTH2F/FPzMnkYqPECAbx69RQSVDSs1unA/piE/jSrGg3B+pGM0r1w=="
    },
    "ev-emitter": {
      "version": "1.1.1",
      "resolved": "https://registry.npmjs.org/ev-emitter/-/ev-emitter-1.1.1.tgz",
      "integrity": "sha512-ipiDYhdQSCZ4hSbX4rMW+XzNKMD1prg/sTvoVmSLkuQ1MVlwjJQQA+sW8tMYR3BLUr9KjodFV4pvzunvRhd33Q=="
    },
    "gsap": {
      "version": "3.3.0",
      "resolved": "https://registry.npmjs.org/gsap/-/gsap-3.3.0.tgz",
      "integrity": "sha512-MIcLOH8HCGvjyuLpzNBMKK+GdoL9wmJU+8nwauSZkqTyDlI1ugD0Sbhu7HO3805u7NqSv811murbu6eipVhJqw=="
    },
    "imagesloaded": {
      "version": "4.1.4",
      "resolved": "https://registry.npmjs.org/imagesloaded/-/imagesloaded-4.1.4.tgz",
      "integrity": "sha512-ltiBVcYpc/TYTF5nolkMNsnREHW+ICvfQ3Yla2Sgr71YFwQ86bDwV9hgpFhFtrGPuwEx5+LqOHIrdXBdoWwwsA==",
      "requires": {
        "ev-emitter": "^1.0.0"
      }
    },
    "three": {
      "version": "0.117.1",
      "resolved": "https://registry.npmjs.org/three/-/three-0.117.1.tgz",
      "integrity": "sha512-t4zeJhlNzUIj9+ub0l6nICVimSuRTZJOqvk3Rmlu+YGdTOJ49Wna8p7aumpkXJakJfITiybfpYE1XN1o1Z34UQ=="
    },
    "three-orbit-controls": {
      "version": "82.1.0",
      "resolved": "https://registry.npmjs.org/three-orbit-controls/-/three-orbit-controls-82.1.0.tgz",
      "integrity": "sha1-EafzPQog7OyY8Jizd4D2U3N0+rQ="
    }
  }
}
